
Microsoft Visual Studio Solution File, Format Version 12.00
# Visual Studio 14
VisualStudioVersion = 14.0.25420.1
MinimumVisualStudioVersion = 10.0.40219.1
Project("{2150E333-8FDC-42A3-9474-1A3956D46DE8}") = "1 Presentation", "1 Presentation", "{9609606B-A150-476B-AEEF-A1920AD9D029}"
EndProject
Project("{2150E333-8FDC-42A3-9474-1A3956D46DE8}") = "2 Application", "2 Application", "{73A9F1E0-F3CA-4654-A7AB-2D2422E1D488}"
EndProject
Project("{2150E333-8FDC-42A3-9474-1A3956D46DE8}") = "3 Domain", "3 Domain", "{55B38C6F-65B8-42F2-BE30-A05A8457DD87}"
EndProject
Project("{2150E333-8FDC-42A3-9474-1A3956D46DE8}") = "4 Infrastructure", "4 Infrastructure", "{E306E670-867F-4A63-82D9-35C53DD44CFD}"
EndProject
Project("{2150E333-8FDC-42A3-9474-1A3956D46DE8}") = "3.2 MainModule", "3.2 MainModule", "{F3740182-E191-499C-9AF6-F0668A9AAD1E}"
EndProject
Project("{FAE04EC0-301F-11D3-BF4B-00C04F79EFBC}") = "Domain.Main", "Domain.Main\Domain.Main.csproj", "{A4766DFB-8701-42F0-87BB-7ADD0AD16E17}"
EndProject
Project("{FAE04EC0-301F-11D3-BF4B-00C04F79EFBC}") = "Domain.Main.Entities", "Domain.Main.Entities\Domain.Main.Entities.csproj", "{9E9A1DBD-5C51-42B3-9A2F-ED8896FFABCA}"
EndProject
Project("{2150E333-8FDC-42A3-9474-1A3956D46DE8}") = "3.1 Core", "3.1 Core", "{59D966BF-8584-466D-BC8F-15A23A63B10D}"
EndProject
Project("{2150E333-8FDC-42A3-9474-1A3956D46DE8}") = "4.1 Data", "4.1 Data", "{99F559CB-D819-4845-B790-4083DA09D512}"
EndProject
Project("{FAE04EC0-301F-11D3-BF4B-00C04F79EFBC}") = "Infrastructure.Data.Main", "Infrastructure.Data.Main\Infrastructure.Data.Main.csproj", "{8DA19723-BAB9-4CB7-98F3-4A4E66288B7C}"
EndProject
Project("{FAE04EC0-301F-11D3-BF4B-00C04F79EFBC}") = "Domain.Core", "Domain.Core\Domain.Core.csproj", "{FD40FD8A-D084-430D-A2A3-3A909AB9476F}"
EndProject
Project("{FAE04EC0-301F-11D3-BF4B-00C04F79EFBC}") = "Infrastructure.Data.Core", "Infrastructure.Data.Core\Infrastructure.Data.Core.csproj", "{3D23D277-C74D-4F49-8A3B-43B008C68915}"
EndProject
Global
	GlobalSection(SolutionConfigurationPlatforms) = preSolution
		Debug|Any CPU = Debug|Any CPU
		Release|Any CPU = Release|Any CPU
	EndGlobalSection
	GlobalSection(ProjectConfigurationPlatforms) = postSolution
		{A4766DFB-8701-42F0-87BB-7ADD0AD16E17}.Debug|Any CPU.ActiveCfg = Debug|Any CPU
		{A4766DFB-8701-42F0-87BB-7ADD0AD16E17}.Debug|Any CPU.Build.0 = Debug|Any CPU
		{A4766DFB-8701-42F0-87BB-7ADD0AD16E17}.Release|Any CPU.ActiveCfg = Release|Any CPU
		{A4766DFB-8701-42F0-87BB-7ADD0AD16E17}.Release|Any CPU.Build.0 = Release|Any CPU
		{9E9A1DBD-5C51-42B3-9A2F-ED8896FFABCA}.Debug|Any CPU.ActiveCfg = Debug|Any CPU
		{9E9A1DBD-5C51-42B3-9A2F-ED8896FFABCA}.Debug|Any CPU.Build.0 = Debug|Any CPU
		{9E9A1DBD-5C51-42B3-9A2F-ED8896FFABCA}.Release|Any CPU.ActiveCfg = Release|Any CPU
		{9E9A1DBD-5C51-42B3-9A2F-ED8896FFABCA}.Release|Any CPU.Build.0 = Release|Any CPU
		{8DA19723-BAB9-4CB7-98F3-4A4E66288B7C}.Debug|Any CPU.ActiveCfg = Debug|Any CPU
		{8DA19723-BAB9-4CB7-98F3-4A4E66288B7C}.Debug|Any CPU.Build.0 = Debug|Any CPU
		{8DA19723-BAB9-4CB7-98F3-4A4E66288B7C}.Release|Any CPU.ActiveCfg = Release|Any CPU
		{8DA19723-BAB9-4CB7-98F3-4A4E66288B7C}.Release|Any CPU.Build.0 = Release|Any CPU
		{FD40FD8A-D084-430D-A2A3-3A909AB9476F}.Debug|Any CPU.ActiveCfg = Debug|Any CPU
		{FD40FD8A-D084-430D-A2A3-3A909AB9476F}.Debug|Any CPU.Build.0 = Debug|Any CPU
		{FD40FD8A-D084-430D-A2A3-3A909AB9476F}.Release|Any CPU.ActiveCfg = Release|Any CPU
		{FD40FD8A-D084-430D-A2A3-3A909AB9476F}.Release|Any CPU.Build.0 = Release|Any CPU
		{3D23D277-C74D-4F49-8A3B-43B008C68915}.Debug|Any CPU.ActiveCfg = Debug|Any CPU
		{3D23D277-C74D-4F49-8A3B-43B008C68915}.Debug|Any CPU.Build.0 = Debug|Any CPU
		{3D23D277-C74D-4F49-8A3B-43B008C68915}.Release|Any CPU.ActiveCfg = Release|Any CPU
		{3D23D277-C74D-4F49-8A3B-43B008C68915}.Release|Any CPU.Build.0 = Release|Any CPU
	EndGlobalSection
	GlobalSection(SolutionProperties) = preSolution
		HideSolutionNode = FALSE
	EndGlobalSection
	GlobalSection(NestedProjects) = preSolution
		{F3740182-E191-499C-9AF6-F0668A9AAD1E} = {55B38C6F-65B8-42F2-BE30-A05A8457DD87}
		{A4766DFB-8701-42F0-87BB-7ADD0AD16E17} = {F3740182-E191-499C-9AF6-F0668A9AAD1E}
		{9E9A1DBD-5C51-42B3-9A2F-ED8896FFABCA} = {F3740182-E191-499C-9AF6-F0668A9AAD1E}
		{59D966BF-8584-466D-BC8F-15A23A63B10D} = {55B38C6F-65B8-42F2-BE30-A05A8457DD87}
		{99F559CB-D819-4845-B790-4083DA09D512} = {E306E670-867F-4A63-82D9-35C53DD44CFD}
		{8DA19723-BAB9-4CB7-98F3-4A4E66288B7C} = {99F559CB-D819-4845-B790-4083DA09D512}
		{FD40FD8A-D084-430D-A2A3-3A909AB9476F} = {59D966BF-8584-466D-BC8F-15A23A63B10D}
		{3D23D277-C74D-4F49-8A3B-43B008C68915} = {99F559CB-D819-4845-B790-4083DA09D512}
	EndGlobalSection
EndGlobal
